
Microsoft Visual Studio Solution File, Format Version 12.00
# Visual Studio 14
VisualStudioVersion = 14.0.24720.0
MinimumVisualStudioVersion = 10.0.40219.1
Project("{8BC9CEB8-8B4A-11D0-8D11-00A0C91BC942}") = "ModelView", "ModelView\ModelView.vcxproj", "{EEDECE9B-E4FB-4D2C-9B92-F11D57BF442D}"
EndProject
Project("{8BC9CEB8-8B4A-11D0-8D11-00A0C91BC942}") = "ECSFramework", "ECSFramework\ECSFramework.vcxproj", "{C1D5EB34-4EBE-47CC-BA11-1D341C3A907B}"
EndProject
Project("{8BC9CEB8-8B4A-11D0-8D11-00A0C91BC942}") = "OpenGLRenderer", "OpenGLRenderer\OpenGLRenderer.vcxproj", "{9CB102B2-FFAA-4B05-8A0D-D7F3E6278EE6}"
EndProject
Project("{8BC9CEB8-8B4A-11D0-8D11-00A0C91BC942}") = "GLMFramework", "GLMFramework\GLMFramework.vcxproj", "{583C5D76-0389-44F9-88AE-DFC06AEEFFF1}"
EndProject
Project("{8BC9CEB8-8B4A-11D0-8D11-00A0C91BC942}") = "GLSLMaterialSystem", "GLSLMaterialSystem\GLSLMaterailSystem.vcxproj", "{B048C20D-6EAA-4909-B711-E05F4209CF6D}"
EndProject
Project("{8BC9CEB8-8B4A-11D0-8D11-00A0C91BC942}") = "VulkanRenderer", "VulkanRenderer\VulkanRenderer.vcxproj", "{768AC397-7363-41EE-BCFB-F30D769201B3}"
EndProject
Project("{8BC9CEB8-8B4A-11D0-8D11-00A0C91BC942}") = "Lanucher", "Lanucher\Lanucher.vcxproj", "{A62C6A97-3506-482D-84C1-38A5E7BA3429}"
EndProject
Project("{8BC9CEB8-8B4A-11D0-8D11-00A0C91BC942}") = "ImguiFramework", "ImguiFramework\ImguiFramework.vcxproj", "{C2EFBD2F-EC9A-4E64-BFCF-7A7FA32F09BD}"
EndProject
Global
	GlobalSection(SolutionConfigurationPlatforms) = preSolution
		Debug|x64 = Debug|x64
		Debug|x86 = Debug|x86
		DebugShared|x64 = DebugShared|x64
		DebugShared|x86 = DebugShared|x86
		Release|x64 = Release|x64
		Release|x86 = Release|x86
		ReleaseShared|x64 = ReleaseShared|x64
		ReleaseShared|x86 = ReleaseShared|x86
		Shipping|x64 = Shipping|x64
		Shipping|x86 = Shipping|x86
	EndGlobalSection
	GlobalSection(ProjectConfigurationPlatforms) = postSolution
		{EEDECE9B-E4FB-4D2C-9B92-F11D57BF442D}.Debug|x64.ActiveCfg = Debug|x64
		{EEDECE9B-E4FB-4D2C-9B92-F11D57BF442D}.Debug|x64.Build.0 = Debug|x64
		{EEDECE9B-E4FB-4D2C-9B92-F11D57BF442D}.Debug|x86.ActiveCfg = Debug|Win32
		{EEDECE9B-E4FB-4D2C-9B92-F11D57BF442D}.Debug|x86.Build.0 = Debug|Win32
		{EEDECE9B-E4FB-4D2C-9B92-F11D57BF442D}.DebugShared|x64.ActiveCfg = DebugShared|x64
		{EEDECE9B-E4FB-4D2C-9B92-F11D57BF442D}.DebugShared|x64.Build.0 = DebugShared|x64
		{EEDECE9B-E4FB-4D2C-9B92-F11D57BF442D}.DebugShared|x86.ActiveCfg = DebugShared|Win32
		{EEDECE9B-E4FB-4D2C-9B92-F11D57BF442D}.DebugShared|x86.Build.0 = DebugShared|Win32
		{EEDECE9B-E4FB-4D2C-9B92-F11D57BF442D}.Release|x64.ActiveCfg = Release|x64
		{EEDECE9B-E4FB-4D2C-9B92-F11D57BF442D}.Release|x64.Build.0 = Release|x64
		{EEDECE9B-E4FB-4D2C-9B92-F11D57BF442D}.Release|x86.ActiveCfg = Release|Win32
		{EEDECE9B-E4FB-4D2C-9B92-F11D57BF442D}.Release|x86.Build.0 = Release|Win32
		{EEDECE9B-E4FB-4D2C-9B92-F11D57BF442D}.ReleaseShared|x64.ActiveCfg = ReleaseShared|x64
		{EEDECE9B-E4FB-4D2C-9B92-F11D57BF442D}.ReleaseShared|x64.Build.0 = ReleaseShared|x64
		{EEDECE9B-E4FB-4D2C-9B92-F11D57BF442D}.ReleaseShared|x86.ActiveCfg = ReleaseShared|Win32
		{EEDECE9B-E4FB-4D2C-9B92-F11D57BF442D}.ReleaseShared|x86.Build.0 = ReleaseShared|Win32
		{EEDECE9B-E4FB-4D2C-9B92-F11D57BF442D}.Shipping|x64.ActiveCfg = Shipping|x64
		{EEDECE9B-E4FB-4D2C-9B92-F11D57BF442D}.Shipping|x64.Build.0 = Shipping|x64
		{EEDECE9B-E4FB-4D2C-9B92-F11D57BF442D}.Shipping|x86.ActiveCfg = Shipping|Win32
		{EEDECE9B-E4FB-4D2C-9B92-F11D57BF442D}.Shipping|x86.Build.0 = Shipping|Win32
		{C1D5EB34-4EBE-47CC-BA11-1D341C3A907B}.Debug|x64.ActiveCfg = Debug|x64
		{C1D5EB34-4EBE-47CC-BA11-1D341C3A907B}.Debug|x64.Build.0 = Debug|x64
		{C1D5EB34-4EBE-47CC-BA11-1D341C3A907B}.Debug|x86.ActiveCfg = Debug|Win32
		{C1D5EB34-4EBE-47CC-BA11-1D341C3A907B}.Debug|x86.Build.0 = Debug|Win32
		{C1D5EB34-4EBE-47CC-BA11-1D341C3A907B}.DebugShared|x64.ActiveCfg = DebugShared|x64
		{C1D5EB34-4EBE-47CC-BA11-1D341C3A907B}.DebugShared|x64.Build.0 = DebugShared|x64
		{C1D5EB34-4EBE-47CC-BA11-1D341C3A907B}.DebugShared|x86.ActiveCfg = DebugShared|Win32
		{C1D5EB34-4EBE-47CC-BA11-1D341C3A907B}.DebugShared|x86.Build.0 = DebugShared|Win32
		{C1D5EB34-4EBE-47CC-BA11-1D341C3A907B}.Release|x64.ActiveCfg = Release|x64
		{C1D5EB34-4EBE-47CC-BA11-1D341C3A907B}.Release|x64.Build.0 = Release|x64
		{C1D5EB34-4EBE-47CC-BA11-1D341C3A907B}.Release|x86.ActiveCfg = Release|Win32
		{C1D5EB34-4EBE-47CC-BA11-1D341C3A907B}.Release|x86.Build.0 = Release|Win32
		{C1D5EB34-4EBE-47CC-BA11-1D341C3A907B}.ReleaseShared|x64.ActiveCfg = ReleaseShared|x64
		{C1D5EB34-4EBE-47CC-BA11-1D341C3A907B}.ReleaseShared|x64.Build.0 = ReleaseShared|x64
		{C1D5EB34-4EBE-47CC-BA11-1D341C3A907B}.ReleaseShared|x86.ActiveCfg = ReleaseShared|Win32
		{C1D5EB34-4EBE-47CC-BA11-1D341C3A907B}.ReleaseShared|x86.Build.0 = ReleaseShared|Win32
		{C1D5EB34-4EBE-47CC-BA11-1D341C3A907B}.Shipping|x64.ActiveCfg = Shipping|x64
		{C1D5EB34-4EBE-47CC-BA11-1D341C3A907B}.Shipping|x64.Build.0 = Shipping|x64
		{C1D5EB34-4EBE-47CC-BA11-1D341C3A907B}.Shipping|x86.ActiveCfg = Shipping|Win32
		{C1D5EB34-4EBE-47CC-BA11-1D341C3A907B}.Shipping|x86.Build.0 = Shipping|Win32
		{9CB102B2-FFAA-4B05-8A0D-D7F3E6278EE6}.Debug|x64.ActiveCfg = Debug|x64
		{9CB102B2-FFAA-4B05-8A0D-D7F3E6278EE6}.Debug|x64.Build.0 = Debug|x64
		{9CB102B2-FFAA-4B05-8A0D-D7F3E6278EE6}.Debug|x86.ActiveCfg = Debug|Win32
		{9CB102B2-FFAA-4B05-8A0D-D7F3E6278EE6}.Debug|x86.Build.0 = Debug|Win32
		{9CB102B2-FFAA-4B05-8A0D-D7F3E6278EE6}.DebugShared|x64.ActiveCfg = DebugShared|x64
		{9CB102B2-FFAA-4B05-8A0D-D7F3E6278EE6}.DebugShared|x64.Build.0 = DebugShared|x64
		{9CB102B2-FFAA-4B05-8A0D-D7F3E6278EE6}.DebugShared|x86.ActiveCfg = DebugShared|Win32
		{9CB102B2-FFAA-4B05-8A0D-D7F3E6278EE6}.DebugShared|x86.Build.0 = DebugShared|Win32
		{9CB102B2-FFAA-4B05-8A0D-D7F3E6278EE6}.Release|x64.ActiveCfg = Release|x64
		{9CB102B2-FFAA-4B05-8A0D-D7F3E6278EE6}.Release|x64.Build.0 = Release|x64
		{9CB102B2-FFAA-4B05-8A0D-D7F3E6278EE6}.Release|x86.ActiveCfg = Release|Win32
		{9CB102B2-FFAA-4B05-8A0D-D7F3E6278EE6}.Release|x86.Build.0 = Release|Win32
		{9CB102B2-FFAA-4B05-8A0D-D7F3E6278EE6}.ReleaseShared|x64.ActiveCfg = ReleaseShared|x64
		{9CB102B2-FFAA-4B05-8A0D-D7F3E6278EE6}.ReleaseShared|x64.Build.0 = ReleaseShared|x64
		{9CB102B2-FFAA-4B05-8A0D-D7F3E6278EE6}.ReleaseShared|x86.ActiveCfg = ReleaseShared|Win32
		{9CB102B2-FFAA-4B05-8A0D-D7F3E6278EE6}.ReleaseShared|x86.Build.0 = ReleaseShared|Win32
		{9CB102B2-FFAA-4B05-8A0D-D7F3E6278EE6}.Shipping|x64.ActiveCfg = Shipping|x64
		{9CB102B2-FFAA-4B05-8A0D-D7F3E6278EE6}.Shipping|x64.Build.0 = Shipping|x64
		{9CB102B2-FFAA-4B05-8A0D-D7F3E6278EE6}.Shipping|x86.ActiveCfg = Shipping|Win32
		{9CB102B2-FFAA-4B05-8A0D-D7F3E6278EE6}.Shipping|x86.Build.0 = Shipping|Win32
		{583C5D76-0389-44F9-88AE-DFC06AEEFFF1}.Debug|x64.ActiveCfg = Debug|x64
		{583C5D76-0389-44F9-88AE-DFC06AEEFFF1}.Debug|x64.Build.0 = Debug|x64
		{583C5D76-0389-44F9-88AE-DFC06AEEFFF1}.Debug|x86.ActiveCfg = Debug|Win32
		{583C5D76-0389-44F9-88AE-DFC06AEEFFF1}.Debug|x86.Build.0 = Debug|Win32
		{583C5D76-0389-44F9-88AE-DFC06AEEFFF1}.DebugShared|x64.ActiveCfg = DebugShared|x64
		{583C5D76-0389-44F9-88AE-DFC06AEEFFF1}.DebugShared|x64.Build.0 = DebugShared|x64
		{583C5D76-0389-44F9-88AE-DFC06AEEFFF1}.DebugShared|x86.ActiveCfg = DebugShared|Win32
		{583C5D76-0389-44F9-88AE-DFC06AEEFFF1}.DebugShared|x86.Build.0 = DebugShared|Win32
		{583C5D76-0389-44F9-88AE-DFC06AEEFFF1}.Release|x64.ActiveCfg = Release|x64
		{583C5D76-0389-44F9-88AE-DFC06AEEFFF1}.Release|x64.Build.0 = Release|x64
		{583C5D76-0389-44F9-88AE-DFC06AEEFFF1}.Release|x86.ActiveCfg = Release|Win32
		{583C5D76-0389-44F9-88AE-DFC06AEEFFF1}.Release|x86.Build.0 = Release|Win32
		{583C5D76-0389-44F9-88AE-DFC06AEEFFF1}.ReleaseShared|x64.ActiveCfg = ReleaseShared|x64
		{583C5D76-0389-44F9-88AE-DFC06AEEFFF1}.ReleaseShared|x64.Build.0 = ReleaseShared|x64
		{583C5D76-0389-44F9-88AE-DFC06AEEFFF1}.ReleaseShared|x86.ActiveCfg = ReleaseShared|Win32
		{583C5D76-0389-44F9-88AE-DFC06AEEFFF1}.ReleaseShared|x86.Build.0 = ReleaseShared|Win32
		{583C5D76-0389-44F9-88AE-DFC06AEEFFF1}.Shipping|x64.ActiveCfg = Shipping|x64
		{583C5D76-0389-44F9-88AE-DFC06AEEFFF1}.Shipping|x64.Build.0 = Shipping|x64
		{583C5D76-0389-44F9-88AE-DFC06AEEFFF1}.Shipping|x86.ActiveCfg = Release|Win32
		{583C5D76-0389-44F9-88AE-DFC06AEEFFF1}.Shipping|x86.Build.0 = Release|Win32
		{B048C20D-6EAA-4909-B711-E05F4209CF6D}.Debug|x64.ActiveCfg = Debug|x64
		{B048C20D-6EAA-4909-B711-E05F4209CF6D}.Debug|x64.Build.0 = Debug|x64
		{B048C20D-6EAA-4909-B711-E05F4209CF6D}.Debug|x86.ActiveCfg = Debug|Win32
		{B048C20D-6EAA-4909-B711-E05F4209CF6D}.Debug|x86.Build.0 = Debug|Win32
		{B048C20D-6EAA-4909-B711-E05F4209CF6D}.DebugShared|x64.ActiveCfg = DebugShared|x64
		{B048C20D-6EAA-4909-B711-E05F4209CF6D}.DebugShared|x64.Build.0 = DebugShared|x64
		{B048C20D-6EAA-4909-B711-E05F4209CF6D}.DebugShared|x86.ActiveCfg = DebugShared|Win32
		{B048C20D-6EAA-4909-B711-E05F4209CF6D}.DebugShared|x86.Build.0 = DebugShared|Win32
		{B048C20D-6EAA-4909-B711-E05F4209CF6D}.Release|x64.ActiveCfg = Release|x64
		{B048C20D-6EAA-4909-B711-E05F4209CF6D}.Release|x64.Build.0 = Release|x64
		{B048C20D-6EAA-4909-B711-E05F4209CF6D}.Release|x86.ActiveCfg = Release|Win32
		{B048C20D-6EAA-4909-B711-E05F4209CF6D}.Release|x86.Build.0 = Release|Win32
		{B048C20D-6EAA-4909-B711-E05F4209CF6D}.ReleaseShared|x64.ActiveCfg = ReleaseShared|x64
		{B048C20D-6EAA-4909-B711-E05F4209CF6D}.ReleaseShared|x64.Build.0 = ReleaseShared|x64
		{B048C20D-6EAA-4909-B711-E05F4209CF6D}.ReleaseShared|x86.ActiveCfg = ReleaseShared|Win32
		{B048C20D-6EAA-4909-B711-E05F4209CF6D}.ReleaseShared|x86.Build.0 = ReleaseShared|Win32
		{B048C20D-6EAA-4909-B711-E05F4209CF6D}.Shipping|x64.ActiveCfg = Shipping|x64
		{B048C20D-6EAA-4909-B711-E05F4209CF6D}.Shipping|x64.Build.0 = Shipping|x64
		{B048C20D-6EAA-4909-B711-E05F4209CF6D}.Shipping|x86.ActiveCfg = Release|Win32
		{B048C20D-6EAA-4909-B711-E05F4209CF6D}.Shipping|x86.Build.0 = Release|Win32
		{768AC397-7363-41EE-BCFB-F30D769201B3}.Debug|x64.ActiveCfg = Debug|x64
		{768AC397-7363-41EE-BCFB-F30D769201B3}.Debug|x64.Build.0 = Debug|x64
		{768AC397-7363-41EE-BCFB-F30D769201B3}.Debug|x86.ActiveCfg = Debug|Win32
		{768AC397-7363-41EE-BCFB-F30D769201B3}.Debug|x86.Build.0 = Debug|Win32
		{768AC397-7363-41EE-BCFB-F30D769201B3}.DebugShared|x64.ActiveCfg = Debug|x64
		{768AC397-7363-41EE-BCFB-F30D769201B3}.DebugShared|x64.Build.0 = Debug|x64
		{768AC397-7363-41EE-BCFB-F30D769201B3}.DebugShared|x86.ActiveCfg = Debug|Win32
		{768AC397-7363-41EE-BCFB-F30D769201B3}.DebugShared|x86.Build.0 = Debug|Win32
		{768AC397-7363-41EE-BCFB-F30D769201B3}.Release|x64.ActiveCfg = Release|x64
		{768AC397-7363-41EE-BCFB-F30D769201B3}.Release|x86.ActiveCfg = Release|Win32
		{768AC397-7363-41EE-BCFB-F30D769201B3}.Release|x86.Build.0 = Release|Win32
		{768AC397-7363-41EE-BCFB-F30D769201B3}.ReleaseShared|x64.ActiveCfg = Release|x64
		{768AC397-7363-41EE-BCFB-F30D769201B3}.ReleaseShared|x64.Build.0 = Release|x64
		{768AC397-7363-41EE-BCFB-F30D769201B3}.ReleaseShared|x86.ActiveCfg = Release|Win32
		{768AC397-7363-41EE-BCFB-F30D769201B3}.ReleaseShared|x86.Build.0 = Release|Win32
		{768AC397-7363-41EE-BCFB-F30D769201B3}.Shipping|x64.ActiveCfg = Shipping|x64
		{768AC397-7363-41EE-BCFB-F30D769201B3}.Shipping|x64.Build.0 = Shipping|x64
		{768AC397-7363-41EE-BCFB-F30D769201B3}.Shipping|x86.ActiveCfg = Release|Win32
		{768AC397-7363-41EE-BCFB-F30D769201B3}.Shipping|x86.Build.0 = Release|Win32
		{A62C6A97-3506-482D-84C1-38A5E7BA3429}.Debug|x64.ActiveCfg = Debug|x64
		{A62C6A97-3506-482D-84C1-38A5E7BA3429}.Debug|x64.Build.0 = Debug|x64
		{A62C6A97-3506-482D-84C1-38A5E7BA3429}.Debug|x86.ActiveCfg = Debug|Win32
		{A62C6A97-3506-482D-84C1-38A5E7BA3429}.Debug|x86.Build.0 = Debug|Win32
		{A62C6A97-3506-482D-84C1-38A5E7BA3429}.DebugShared|x64.ActiveCfg = DebugShared|x64
		{A62C6A97-3506-482D-84C1-38A5E7BA3429}.DebugShared|x64.Build.0 = DebugShared|x64
		{A62C6A97-3506-482D-84C1-38A5E7BA3429}.DebugShared|x86.ActiveCfg = DebugShared|Win32
		{A62C6A97-3506-482D-84C1-38A5E7BA3429}.DebugShared|x86.Build.0 = DebugShared|Win32
		{A62C6A97-3506-482D-84C1-38A5E7BA3429}.Release|x64.ActiveCfg = Release|x64
		{A62C6A97-3506-482D-84C1-38A5E7BA3429}.Release|x64.Build.0 = Release|x64
		{A62C6A97-3506-482D-84C1-38A5E7BA3429}.Release|x86.ActiveCfg = Release|Win32
		{A62C6A97-3506-482D-84C1-38A5E7BA3429}.Release|x86.Build.0 = Release|Win32
		{A62C6A97-3506-482D-84C1-38A5E7BA3429}.ReleaseShared|x64.ActiveCfg = ReleaseShared|x64
		{A62C6A97-3506-482D-84C1-38A5E7BA3429}.ReleaseShared|x64.Build.0 = ReleaseShared|x64
		{A62C6A97-3506-482D-84C1-38A5E7BA3429}.ReleaseShared|x86.ActiveCfg = ReleaseShared|Win32
		{A62C6A97-3506-482D-84C1-38A5E7BA3429}.ReleaseShared|x86.Build.0 = ReleaseShared|Win32
		{A62C6A97-3506-482D-84C1-38A5E7BA3429}.Shipping|x64.ActiveCfg = Release|x64
		{A62C6A97-3506-482D-84C1-38A5E7BA3429}.Shipping|x64.Build.0 = Release|x64
		{A62C6A97-3506-482D-84C1-38A5E7BA3429}.Shipping|x86.ActiveCfg = Release|Win32
		{A62C6A97-3506-482D-84C1-38A5E7BA3429}.Shipping|x86.Build.0 = Release|Win32
		{C2EFBD2F-EC9A-4E64-BFCF-7A7FA32F09BD}.Debug|x64.ActiveCfg = Debug|x64
		{C2EFBD2F-EC9A-4E64-BFCF-7A7FA32F09BD}.Debug|x64.Build.0 = Debug|x64
		{C2EFBD2F-EC9A-4E64-BFCF-7A7FA32F09BD}.Debug|x86.ActiveCfg = Debug|Win32
		{C2EFBD2F-EC9A-4E64-BFCF-7A7FA32F09BD}.Debug|x86.Build.0 = Debug|Win32
		{C2EFBD2F-EC9A-4E64-BFCF-7A7FA32F09BD}.DebugShared|x64.ActiveCfg = DebugShared|x64
		{C2EFBD2F-EC9A-4E64-BFCF-7A7FA32F09BD}.DebugShared|x64.Build.0 = DebugShared|x64
		{C2EFBD2F-EC9A-4E64-BFCF-7A7FA32F09BD}.DebugShared|x86.ActiveCfg = DebugShared|Win32
		{C2EFBD2F-EC9A-4E64-BFCF-7A7FA32F09BD}.DebugShared|x86.Build.0 = DebugShared|Win32
		{C2EFBD2F-EC9A-4E64-BFCF-7A7FA32F09BD}.Release|x64.ActiveCfg = Release|x64
		{C2EFBD2F-EC9A-4E64-BFCF-7A7FA32F09BD}.Release|x64.Build.0 = Release|x64
		{C2EFBD2F-EC9A-4E64-BFCF-7A7FA32F09BD}.Release|x86.ActiveCfg = Release|Win32
		{C2EFBD2F-EC9A-4E64-BFCF-7A7FA32F09BD}.Release|x86.Build.0 = Release|Win32
		{C2EFBD2F-EC9A-4E64-BFCF-7A7FA32F09BD}.ReleaseShared|x64.ActiveCfg = ReleaseShared|x64
		{C2EFBD2F-EC9A-4E64-BFCF-7A7FA32F09BD}.ReleaseShared|x64.Build.0 = ReleaseShared|x64
		{C2EFBD2F-EC9A-4E64-BFCF-7A7FA32F09BD}.ReleaseShared|x86.ActiveCfg = ReleaseShared|Win32
		{C2EFBD2F-EC9A-4E64-BFCF-7A7FA32F09BD}.ReleaseShared|x86.Build.0 = ReleaseShared|Win32
		{C2EFBD2F-EC9A-4E64-BFCF-7A7FA32F09BD}.Shipping|x64.ActiveCfg = Release|x64
		{C2EFBD2F-EC9A-4E64-BFCF-7A7FA32F09BD}.Shipping|x64.Build.0 = Release|x64
		{C2EFBD2F-EC9A-4E64-BFCF-7A7FA32F09BD}.Shipping|x86.ActiveCfg = Release|Win32
		{C2EFBD2F-EC9A-4E64-BFCF-7A7FA32F09BD}.Shipping|x86.Build.0 = Release|Win32
	EndGlobalSection
	GlobalSection(SolutionProperties) = preSolution
		HideSolutionNode = FALSE
	EndGlobalSection
EndGlobal
