<?xml version="1.0" encoding="utf-8"?>
<Project ToolsVersion="4.0" xmlns="http://schemas.microsoft.com/developer/msbuild/2003">
  <ItemGroup>
    <Filter Include="Source Files">
      <UniqueIdentifier>{4FC737F1-C7A5-4376-A066-2A32D752A2FF}</UniqueIdentifier>
      <Extensions>cpp;c;cc;cxx;def;odl;idl;hpj;bat;asm;asmx</Extensions>
    </Filter>
    <Filter Include="Header Files">
      <UniqueIdentifier>{93995380-89BD-4b04-88EB-625FBE52EBFB}</UniqueIdentifier>
      <Extensions>h;hh;hpp;hxx;hm;inl;inc;xsd</Extensions>
    </Filter>
    <Filter Include="Resource Files">
      <UniqueIdentifier>{67DA6AB6-F800-4c08-8B7A-83BB121AAD01}</UniqueIdentifier>
      <Extensions>rc;ico;cur;bmp;dlg;rc2;rct;bin;rgs;gif;jpg;jpeg;jpe;resx;tiff;tif;png;wav;mfcribbon-ms</Extensions>
    </Filter>
  </ItemGroup>
  <ItemGroup>
    <ClCompile Include="Main.cpp">
      <Filter>Source Files</Filter>
    </ClCompile>
    <ClCompile Include="Win32InputSystem.cpp">
      <Filter>Source Files</Filter>
    </ClCompile>
    <ClCompile Include="AssimpGLGeometryComp.cpp">
      <Filter>Source Files</Filter>
    </ClCompile>
    <ClCompile Include="ModelViewSpawnSystem.cpp">
      <Filter>Source Files</Filter>
    </ClCompile>
    <ClCompile Include="MeshData.cpp">
      <Filter>Source Files</Filter>
    </ClCompile>
    <ClCompile Include="ModelViewSceneComponent.cpp">
      <Filter>Source Files</Filter>
    </ClCompile>
    <ClCompile Include="MainPCH.cpp">
      <Filter>Source Files</Filter>
    </ClCompile>
    <ClCompile Include="ModelViewSceneSystem.cpp">
      <Filter>Source Files</Filter>
    </ClCompile>
    <ClCompile Include="Win32KeyboardInputComponent.cpp">
      <Filter>Source Files</Filter>
    </ClCompile>
    <ClCompile Include="Win32MouseInputComponent.cpp">
      <Filter>Source Files</Filter>
    </ClCompile>
    <ClCompile Include="Win32KeyboardMouseInputComponent.cpp">
      <Filter>Source Files</Filter>
    </ClCompile>
    <ClCompile Include="ModelViewMovementComponent.cpp">
      <Filter>Source Files</Filter>
    </ClCompile>
    <ClCompile Include="ModelViewMovementSystem.cpp">
      <Filter>Source Files</Filter>
    </ClCompile>
    <ClCompile Include="ModelViewRenderSystem.cpp">
      <Filter>Source Files</Filter>
    </ClCompile>
    <ClCompile Include="DeferredRenderPipeline.cpp">
      <Filter>Source Files</Filter>
    </ClCompile>
    <ClCompile Include="ModelViewTextSystem.cpp">
      <Filter>Source Files</Filter>
    </ClCompile>
    <ClCompile Include="TextGeometryComp.cpp">
      <Filter>Source Files</Filter>
    </ClCompile>
    <ClCompile Include="ModelViewTextComp.cpp">
      <Filter>Source Files</Filter>
    </ClCompile>
    <ClCompile Include="ForwardRenderPipeline.cpp">
      <Filter>Source Files</Filter>
    </ClCompile>
    <ClCompile Include="ModelViewPipeline.cpp">
      <Filter>Source Files</Filter>
    </ClCompile>
    <ClCompile Include="PhysicalBasedRenderPipeline.cpp">
      <Filter>Source Files</Filter>
    </ClCompile>
    <ClCompile Include="PBRMaterialComponent.cpp">
      <Filter>Source Files</Filter>
    </ClCompile>
    <ClCompile Include="ModelViewImgui.cpp">
      <Filter>Source Files</Filter>
    </ClCompile>
    <ClCompile Include="NanoLoggerSystem.cpp">
      <Filter>Source Files</Filter>
    </ClCompile>
  </ItemGroup>
  <ItemGroup>
    <ClInclude Include="Win32InputSystem.h">
      <Filter>Header Files</Filter>
    </ClInclude>
    <ClInclude Include="AssimpGLGeometryComp.h">
      <Filter>Header Files</Filter>
    </ClInclude>
    <ClInclude Include="ModelViewSpawnSystem.h">
      <Filter>Header Files</Filter>
    </ClInclude>
    <ClInclude Include="MainPCH.h">
      <Filter>Header Files</Filter>
    </ClInclude>
    <ClInclude Include="MeshData.h">
      <Filter>Header Files</Filter>
    </ClInclude>
    <ClInclude Include="ModelViewSceneComponent.h">
      <Filter>Header Files</Filter>
    </ClInclude>
    <ClInclude Include="ModelViewSceneSystem.h">
      <Filter>Header Files</Filter>
    </ClInclude>
    <ClInclude Include="Win32KeyboardInputComponent.h">
      <Filter>Header Files</Filter>
    </ClInclude>
    <ClInclude Include="Win32MouseInputComponent.h">
      <Filter>Header Files</Filter>
    </ClInclude>
    <ClInclude Include="Win32KeyboardMouseInputComponent.h">
      <Filter>Header Files</Filter>
    </ClInclude>
    <ClInclude Include="ModelViewMovementComponent.h">
      <Filter>Header Files</Filter>
    </ClInclude>
    <ClInclude Include="ModelViewMovementSystem.h">
      <Filter>Header Files</Filter>
    </ClInclude>
    <ClInclude Include="ModelViewRenderSystem.h">
      <Filter>Header Files</Filter>
    </ClInclude>
    <ClInclude Include="DeferredRenderPipeline.h">
      <Filter>Header Files</Filter>
    </ClInclude>
    <ClInclude Include="ModelViewTextSystem.h">
      <Filter>Header Files</Filter>
    </ClInclude>
    <ClInclude Include="TextGeometryComp.h">
      <Filter>Header Files</Filter>
    </ClInclude>
    <ClInclude Include="ModelViewTextComp.h">
      <Filter>Header Files</Filter>
    </ClInclude>
    <ClInclude Include="ForwardRenderPipeline.h">
      <Filter>Header Files</Filter>
    </ClInclude>
    <ClInclude Include="ModelViewPipeline.h">
      <Filter>Header Files</Filter>
    </ClInclude>
    <ClInclude Include="PhysicalBasedRenderPipeline.h">
      <Filter>Header Files</Filter>
    </ClInclude>
    <ClInclude Include="PBRMaterialComponent.h">
      <Filter>Header Files</Filter>
    </ClInclude>
    <ClInclude Include="ModelViewImgui.h">
      <Filter>Header Files</Filter>
    </ClInclude>
    <ClInclude Include="NanoLoggerSystem.h">
      <Filter>Header Files</Filter>
    </ClInclude>
  </ItemGroup>
  <ItemGroup>
    <Xml Include="data\init.xml">
      <Filter>Resource Files</Filter>
    </Xml>
  </ItemGroup>
  <ItemGroup>
    <None Include="data\BasicShader.fs">
      <Filter>Resource Files</Filter>
    </None>
    <None Include="data\BasicShader.vs">
      <Filter>Resource Files</Filter>
    </None>
    <None Include="data\GbufferShader.fs">
      <Filter>Resource Files</Filter>
    </None>
    <None Include="data\GbufferShader.vs">
      <Filter>Resource Files</Filter>
    </None>
    <None Include="data\BasicTexturedShader.fs">
      <Filter>Resource Files</Filter>
    </None>
    <None Include="data\BasicTexturedShader.vs">
      <Filter>Resource Files</Filter>
    </None>
    <None Include="data\DeferredRenderingShader.fs">
      <Filter>Resource Files</Filter>
    </None>
    <None Include="data\DeferredRenderingShader.vs">
      <Filter>Resource Files</Filter>
    </None>
    <None Include="data\TextShader.vs">
      <Filter>Resource Files</Filter>
    </None>
    <None Include="data\TextShader.fs">
      <Filter>Resource Files</Filter>
    </None>
    <None Include="data\WriteLinearDepth.fs">
      <Filter>Resource Files</Filter>
    </None>
    <None Include="data\WriteLinearDepth.vs">
      <Filter>Resource Files</Filter>
    </None>
    <None Include="data\LightBody.fs">
      <Filter>Resource Files</Filter>
    </None>
    <None Include="data\BloomShader.fs">
      <Filter>Resource Files</Filter>
    </None>
    <None Include="data\ScreenSpaceShader.vs">
      <Filter>Resource Files</Filter>
    </None>
    <None Include="data\ScreenSpaceShader.fs">
      <Filter>Resource Files</Filter>
    </None>
    <None Include="data\ContrastShader.fs">
      <Filter>Resource Files</Filter>
    </None>
    <None Include="data\PBRGBufferShader.vs">
      <Filter>Resource Files</Filter>
    </None>
    <None Include="data\PBRGBufferShader.fs">
      <Filter>Resource Files</Filter>
    </None>
    <None Include="data\PhysicalBaseRenderingShader.vs">
      <Filter>Resource Files</Filter>
    </None>
    <None Include="data\PhysicalBaseRenderingShader.fs">
      <Filter>Resource Files</Filter>
    </None>
    <None Include="data\NormalDebugShader.vs">
      <Filter>Resource Files</Filter>
    </None>
    <None Include="data\NormalDebugShader.gs">
      <Filter>Resource Files</Filter>
    </None>
    <None Include="data\NormalDebugShader.fs">
      <Filter>Resource Files</Filter>
    </None>
    <None Include="data\BasicVertexColorShader.fs">
      <Filter>Resource Files</Filter>
    </None>
    <None Include="data\BasicVertexColorShader.vs">
      <Filter>Resource Files</Filter>
    </None>
  </ItemGroup>
</Project>