<?xml version="1.0" encoding="utf-8"?>
<Project ToolsVersion="4.0" xmlns="http://schemas.microsoft.com/developer/msbuild/2003">
  <ItemGroup>
    <Filter Include="Source Files">
      <UniqueIdentifier>{4FC737F1-C7A5-4376-A066-2A32D752A2FF}</UniqueIdentifier>
      <Extensions>cpp;c;cc;cxx;def;odl;idl;hpj;bat;asm;asmx</Extensions>
    </Filter>
    <Filter Include="Header Files">
      <UniqueIdentifier>{93995380-89BD-4b04-88EB-625FBE52EBFB}</UniqueIdentifier>
      <Extensions>h;hh;hpp;hxx;hm;inl;inc;xsd</Extensions>
    </Filter>
    <Filter Include="Resource Files">
      <UniqueIdentifier>{67DA6AB6-F800-4c08-8B7A-83BB121AAD01}</UniqueIdentifier>
      <Extensions>rc;ico;cur;bmp;dlg;rc2;rct;bin;rgs;gif;jpg;jpeg;jpe;resx;tiff;tif;png;wav;mfcribbon-ms</Extensions>
    </Filter>
  </ItemGroup>
  <ItemGroup>
    <Text Include="ReadMe.txt" />
  </ItemGroup>
  <ItemGroup>
    <ClInclude Include="GLMMainPCH.h">
      <Filter>Header Files</Filter>
    </ClInclude>
    <ClInclude Include="GLMBoxBound.h">
      <Filter>Header Files</Filter>
    </ClInclude>
    <ClInclude Include="GLMBaseCameraComponent.h">
      <Filter>Header Files</Filter>
    </ClInclude>
    <ClInclude Include="GLMFrustum.h">
      <Filter>Header Files</Filter>
    </ClInclude>
    <ClInclude Include="GLMPlane.h">
      <Filter>Header Files</Filter>
    </ClInclude>
    <ClInclude Include="GLMSceneComponent.h">
      <Filter>Header Files</Filter>
    </ClInclude>
    <ClInclude Include="GLMMainCameraComponent.h">
      <Filter>Header Files</Filter>
    </ClInclude>
    <ClInclude Include="GLMMeshData.h">
      <Filter>Header Files</Filter>
    </ClInclude>
    <ClInclude Include="GLMCubeCameraComponent.h">
      <Filter>Header Files</Filter>
    </ClInclude>
    <ClInclude Include="GLMBinTree.h">
      <Filter>Header Files</Filter>
    </ClInclude>
    <ClInclude Include="GLITexture.h">
      <Filter>Header Files</Filter>
    </ClInclude>
    <ClInclude Include="GLMGeomertryComponent.h">
      <Filter>Header Files</Filter>
    </ClInclude>
    <ClInclude Include="GLMPipeline.h">
      <Filter>Header Files</Filter>
    </ClInclude>
  </ItemGroup>
  <ItemGroup>
    <ClCompile Include="GLMMainPCH.cpp">
      <Filter>Source Files</Filter>
    </ClCompile>
    <ClCompile Include="GLMBoxBound.cpp">
      <Filter>Source Files</Filter>
    </ClCompile>
    <ClCompile Include="GLMBaseCameraComponent.cpp">
      <Filter>Source Files</Filter>
    </ClCompile>
    <ClCompile Include="GLMFrustum.cpp">
      <Filter>Source Files</Filter>
    </ClCompile>
    <ClCompile Include="GLMPlane.cpp">
      <Filter>Source Files</Filter>
    </ClCompile>
    <ClCompile Include="GLMSceneComponent.cpp">
      <Filter>Source Files</Filter>
    </ClCompile>
    <ClCompile Include="GLMMainCameraComponent.cpp">
      <Filter>Source Files</Filter>
    </ClCompile>
    <ClCompile Include="GLMMeshData.cpp">
      <Filter>Source Files</Filter>
    </ClCompile>
    <ClCompile Include="GLMCubeCameraComponent.cpp">
      <Filter>Source Files</Filter>
    </ClCompile>
    <ClCompile Include="GLITexture.cpp">
      <Filter>Source Files</Filter>
    </ClCompile>
    <ClCompile Include="GLMGeomertryComponent.cpp">
      <Filter>Source Files</Filter>
    </ClCompile>
    <ClCompile Include="GLMPipeline.cpp">
      <Filter>Source Files</Filter>
    </ClCompile>
  </ItemGroup>
</Project>